// !$*UTF8*$!
{
	archiveVersion = 1;
	classes = {
	};
	objectVersion = 50;
	objects = {

/* Begin PBXBuildFile section */
		02410DDA22AB064F00E12608 /* AppDelegate.swift in Sources */ = {isa = PBXBuildFile; fileRef = 02410DD922AB064F00E12608 /* AppDelegate.swift */; };
		02410DDF22AB064F00E12608 /* Main.storyboard in Resources */ = {isa = PBXBuildFile; fileRef = 02410DDD22AB064F00E12608 /* Main.storyboard */; };
		02410DE122AB065000E12608 /* Assets.xcassets in Resources */ = {isa = PBXBuildFile; fileRef = 02410DE022AB065000E12608 /* Assets.xcassets */; };
		02410DE422AB065000E12608 /* LaunchScreen.storyboard in Resources */ = {isa = PBXBuildFile; fileRef = 02410DE222AB065000E12608 /* LaunchScreen.storyboard */; };
		025D301C22D5433D00A9D94C /* Model.xcdatamodeld in Sources */ = {isa = PBXBuildFile; fileRef = 025D301A22D5433D00A9D94C /* Model.xcdatamodeld */; };
		025D301E22D54C2300A9D94C /* CoreDataStack.swift in Sources */ = {isa = PBXBuildFile; fileRef = 025D301D22D54C2300A9D94C /* CoreDataStack.swift */; };
		025D302022D54F2F00A9D94C /* User+Convenience.swift in Sources */ = {isa = PBXBuildFile; fileRef = 025D301F22D54F2F00A9D94C /* User+Convenience.swift */; };
		025D302222D54F5200A9D94C /* Symptom+Convenience.swift in Sources */ = {isa = PBXBuildFile; fileRef = 025D302122D54F5200A9D94C /* Symptom+Convenience.swift */; };
		025D302422D54F6000A9D94C /* Rating+Convenience.swift in Sources */ = {isa = PBXBuildFile; fileRef = 025D302322D54F6000A9D94C /* Rating+Convenience.swift */; };
		025D302822D54F7B00A9D94C /* FoodEntry+Convenience.swift in Sources */ = {isa = PBXBuildFile; fileRef = 025D302722D54F7B00A9D94C /* FoodEntry+Convenience.swift */; };
		025D302A22D54F8B00A9D94C /* Alarm+Convenience.swift in Sources */ = {isa = PBXBuildFile; fileRef = 025D302922D54F8B00A9D94C /* Alarm+Convenience.swift */; };
		025D302C22D54FF200A9D94C /* Entry+Convenience.swift in Sources */ = {isa = PBXBuildFile; fileRef = 025D302B22D54FF200A9D94C /* Entry+Convenience.swift */; };
		025D302E22D6816C00A9D94C /* UserController.swift in Sources */ = {isa = PBXBuildFile; fileRef = 025D302D22D6816C00A9D94C /* UserController.swift */; };
		025D303022D6836E00A9D94C /* SymptomController.swift in Sources */ = {isa = PBXBuildFile; fileRef = 025D302F22D6836E00A9D94C /* SymptomController.swift */; };
		025D303322D6863100A9D94C /* RatingController.swift in Sources */ = {isa = PBXBuildFile; fileRef = 025D303222D6863100A9D94C /* RatingController.swift */; };
		025D303522D689D400A9D94C /* CreateUserViewController.swift in Sources */ = {isa = PBXBuildFile; fileRef = 025D303422D689D400A9D94C /* CreateUserViewController.swift */; };
		025D303722D6952000A9D94C /* ProfileTableViewController.swift in Sources */ = {isa = PBXBuildFile; fileRef = 025D303622D6952000A9D94C /* ProfileTableViewController.swift */; };
		025D303B22D6A42B00A9D94C /* CreateSymptomViewController.swift in Sources */ = {isa = PBXBuildFile; fileRef = 025D303A22D6A42B00A9D94C /* CreateSymptomViewController.swift */; };
		025D303E22D6A81B00A9D94C /* VerbalSymptomViewController.swift in Sources */ = {isa = PBXBuildFile; fileRef = 025D303D22D6A81B00A9D94C /* VerbalSymptomViewController.swift */; };
		025D304022DCD40600A9D94C /* FoodEntryController.swift in Sources */ = {isa = PBXBuildFile; fileRef = 025D303F22DCD40600A9D94C /* FoodEntryController.swift */; };
		025D304422DCD82700A9D94C /* EntryController.swift in Sources */ = {isa = PBXBuildFile; fileRef = 025D304322DCD82700A9D94C /* EntryController.swift */; };
		025D304822DCDE4100A9D94C /* DateExtention.swift in Sources */ = {isa = PBXBuildFile; fileRef = 025D304722DCDE4100A9D94C /* DateExtention.swift */; };
		025D304D22DCE1FA00A9D94C /* UserAlarmController.swift in Sources */ = {isa = PBXBuildFile; fileRef = 025D304C22DCE1FA00A9D94C /* UserAlarmController.swift */; };
		025D305322DCF04000A9D94C /* CreateAlarmTableViewController.swift in Sources */ = {isa = PBXBuildFile; fileRef = 025D305222DCF04000A9D94C /* CreateAlarmTableViewController.swift */; };
		025D305722DD3BE300A9D94C /* CalenderViewController.swift in Sources */ = {isa = PBXBuildFile; fileRef = 025D305622DD3BE300A9D94C /* CalenderViewController.swift */; };
		025D305922DD3E6E00A9D94C /* DateCollectionViewCell.swift in Sources */ = {isa = PBXBuildFile; fileRef = 025D305822DD3E6E00A9D94C /* DateCollectionViewCell.swift */; };
		025D305C22DD3F6600A9D94C /* CalenderVariables.swift in Sources */ = {isa = PBXBuildFile; fileRef = 025D305B22DD3F6600A9D94C /* CalenderVariables.swift */; };
		028373A622E0C86B00F058A0 /* theTabViewController.swift in Sources */ = {isa = PBXBuildFile; fileRef = 028373A522E0C86B00F058A0 /* theTabViewController.swift */; };
		028373A922E1014F00F058A0 /* SelectionViewController.swift in Sources */ = {isa = PBXBuildFile; fileRef = 028373A822E1014F00F058A0 /* SelectionViewController.swift */; };
		028373AB22E103DC00F058A0 /* UIViewExtention.swift in Sources */ = {isa = PBXBuildFile; fileRef = 028373AA22E103DC00F058A0 /* UIViewExtention.swift */; };
		028373B022E1093000F058A0 /* Constants.swift in Sources */ = {isa = PBXBuildFile; fileRef = 028373AF22E1093000F058A0 /* Constants.swift */; };
		028373B422E2173900F058A0 /* EditRatingViewController.swift in Sources */ = {isa = PBXBuildFile; fileRef = 028373B322E2173900F058A0 /* EditRatingViewController.swift */; };
		028373B722E21D9200F058A0 /* EditEntryViewController.swift in Sources */ = {isa = PBXBuildFile; fileRef = 028373B622E21D9200F058A0 /* EditEntryViewController.swift */; };
		028373B922E221D700F058A0 /* EditFoodEntryViewController.swift in Sources */ = {isa = PBXBuildFile; fileRef = 028373B822E221D700F058A0 /* EditFoodEntryViewController.swift */; };
		02B8A36B22DE876E005911BB /* DateDetailViewController.swift in Sources */ = {isa = PBXBuildFile; fileRef = 02B8A36A22DE876E005911BB /* DateDetailViewController.swift */; };
		02B8A36D22DF7F46005911BB /* ManualSymptomViewController.swift in Sources */ = {isa = PBXBuildFile; fileRef = 02B8A36C22DF7F46005911BB /* ManualSymptomViewController.swift */; };
		02B8A36F22DF8772005911BB /* ManualEntryViewController.swift in Sources */ = {isa = PBXBuildFile; fileRef = 02B8A36E22DF8772005911BB /* ManualEntryViewController.swift */; };
		02B8A37122DF8A7B005911BB /* ManualFoodEntryViewController.swift in Sources */ = {isa = PBXBuildFile; fileRef = 02B8A37022DF8A7B005911BB /* ManualFoodEntryViewController.swift */; };
		02B8A37322DFB76D005911BB /* DateDetailTableViewCell.swift in Sources */ = {isa = PBXBuildFile; fileRef = 02B8A37222DFB76D005911BB /* DateDetailTableViewCell.swift */; };
		02B8A37522DFE6B8005911BB /* VerbalEntryViewController.swift in Sources */ = {isa = PBXBuildFile; fileRef = 02B8A37422DFE6B8005911BB /* VerbalEntryViewController.swift */; };
		02B8A37722DFEA70005911BB /* VerbalFoodEntryViewController.swift in Sources */ = {isa = PBXBuildFile; fileRef = 02B8A37622DFEA70005911BB /* VerbalFoodEntryViewController.swift */; };
		02E3640C22DE3FF70061DD23 /* Alarm+CoreDataClass.swift in Sources */ = {isa = PBXBuildFile; fileRef = 02E3640A22DE3FF70061DD23 /* Alarm+CoreDataClass.swift */; };
		02E3640D22DE3FF70061DD23 /* Alarm+CoreDataProperties.swift in Sources */ = {isa = PBXBuildFile; fileRef = 02E3640B22DE3FF70061DD23 /* Alarm+CoreDataProperties.swift */; };
/* End PBXBuildFile section */

/* Begin PBXFileReference section */
		02410DD622AB064F00E12608 /* ForYourHealth.app */ = {isa = PBXFileReference; explicitFileType = wrapper.application; includeInIndex = 0; path = ForYourHealth.app; sourceTree = BUILT_PRODUCTS_DIR; };
		02410DD922AB064F00E12608 /* AppDelegate.swift */ = {isa = PBXFileReference; lastKnownFileType = sourcecode.swift; path = AppDelegate.swift; sourceTree = "<group>"; };
		02410DDE22AB064F00E12608 /* Base */ = {isa = PBXFileReference; lastKnownFileType = file.storyboard; name = Base; path = Base.lproj/Main.storyboard; sourceTree = "<group>"; };
		02410DE022AB065000E12608 /* Assets.xcassets */ = {isa = PBXFileReference; lastKnownFileType = folder.assetcatalog; path = Assets.xcassets; sourceTree = "<group>"; };
		02410DE322AB065000E12608 /* Base */ = {isa = PBXFileReference; lastKnownFileType = file.storyboard; name = Base; path = Base.lproj/LaunchScreen.storyboard; sourceTree = "<group>"; };
		02410DE522AB065000E12608 /* Info.plist */ = {isa = PBXFileReference; lastKnownFileType = text.plist.xml; path = Info.plist; sourceTree = "<group>"; };
		025D301B22D5433D00A9D94C /* Model.xcdatamodel */ = {isa = PBXFileReference; lastKnownFileType = wrapper.xcdatamodel; path = Model.xcdatamodel; sourceTree = "<group>"; };
		025D301D22D54C2300A9D94C /* CoreDataStack.swift */ = {isa = PBXFileReference; lastKnownFileType = sourcecode.swift; path = CoreDataStack.swift; sourceTree = "<group>"; };
		025D301F22D54F2F00A9D94C /* User+Convenience.swift */ = {isa = PBXFileReference; lastKnownFileType = sourcecode.swift; path = "User+Convenience.swift"; sourceTree = "<group>"; };
		025D302122D54F5200A9D94C /* Symptom+Convenience.swift */ = {isa = PBXFileReference; lastKnownFileType = sourcecode.swift; path = "Symptom+Convenience.swift"; sourceTree = "<group>"; };
		025D302322D54F6000A9D94C /* Rating+Convenience.swift */ = {isa = PBXFileReference; lastKnownFileType = sourcecode.swift; path = "Rating+Convenience.swift"; sourceTree = "<group>"; };
		025D302722D54F7B00A9D94C /* FoodEntry+Convenience.swift */ = {isa = PBXFileReference; lastKnownFileType = sourcecode.swift; path = "FoodEntry+Convenience.swift"; sourceTree = "<group>"; };
		025D302922D54F8B00A9D94C /* Alarm+Convenience.swift */ = {isa = PBXFileReference; lastKnownFileType = sourcecode.swift; path = "Alarm+Convenience.swift"; sourceTree = "<group>"; };
		025D302B22D54FF200A9D94C /* Entry+Convenience.swift */ = {isa = PBXFileReference; lastKnownFileType = sourcecode.swift; path = "Entry+Convenience.swift"; sourceTree = "<group>"; };
		025D302D22D6816C00A9D94C /* UserController.swift */ = {isa = PBXFileReference; lastKnownFileType = sourcecode.swift; path = UserController.swift; sourceTree = "<group>"; };
		025D302F22D6836E00A9D94C /* SymptomController.swift */ = {isa = PBXFileReference; lastKnownFileType = sourcecode.swift; path = SymptomController.swift; sourceTree = "<group>"; };
		025D303222D6863100A9D94C /* RatingController.swift */ = {isa = PBXFileReference; lastKnownFileType = sourcecode.swift; path = RatingController.swift; sourceTree = "<group>"; };
		025D303422D689D400A9D94C /* CreateUserViewController.swift */ = {isa = PBXFileReference; lastKnownFileType = sourcecode.swift; path = CreateUserViewController.swift; sourceTree = "<group>"; };
		025D303622D6952000A9D94C /* ProfileTableViewController.swift */ = {isa = PBXFileReference; lastKnownFileType = sourcecode.swift; path = ProfileTableViewController.swift; sourceTree = "<group>"; };
		025D303A22D6A42B00A9D94C /* CreateSymptomViewController.swift */ = {isa = PBXFileReference; lastKnownFileType = sourcecode.swift; path = CreateSymptomViewController.swift; sourceTree = "<group>"; };
		025D303D22D6A81B00A9D94C /* VerbalSymptomViewController.swift */ = {isa = PBXFileReference; lastKnownFileType = sourcecode.swift; path = VerbalSymptomViewController.swift; sourceTree = "<group>"; };
		025D303F22DCD40600A9D94C /* FoodEntryController.swift */ = {isa = PBXFileReference; lastKnownFileType = sourcecode.swift; path = FoodEntryController.swift; sourceTree = "<group>"; };
		025D304322DCD82700A9D94C /* EntryController.swift */ = {isa = PBXFileReference; lastKnownFileType = sourcecode.swift; path = EntryController.swift; sourceTree = "<group>"; };
		025D304722DCDE4100A9D94C /* DateExtention.swift */ = {isa = PBXFileReference; lastKnownFileType = sourcecode.swift; path = DateExtention.swift; sourceTree = "<group>"; };
		025D304C22DCE1FA00A9D94C /* UserAlarmController.swift */ = {isa = PBXFileReference; lastKnownFileType = sourcecode.swift; path = UserAlarmController.swift; sourceTree = "<group>"; };
		025D305222DCF04000A9D94C /* CreateAlarmTableViewController.swift */ = {isa = PBXFileReference; lastKnownFileType = sourcecode.swift; path = CreateAlarmTableViewController.swift; sourceTree = "<group>"; };
		025D305622DD3BE300A9D94C /* CalenderViewController.swift */ = {isa = PBXFileReference; lastKnownFileType = sourcecode.swift; path = CalenderViewController.swift; sourceTree = "<group>"; };
		025D305822DD3E6E00A9D94C /* DateCollectionViewCell.swift */ = {isa = PBXFileReference; lastKnownFileType = sourcecode.swift; path = DateCollectionViewCell.swift; sourceTree = "<group>"; };
		025D305B22DD3F6600A9D94C /* CalenderVariables.swift */ = {isa = PBXFileReference; lastKnownFileType = sourcecode.swift; path = CalenderVariables.swift; sourceTree = "<group>"; };
		028373A522E0C86B00F058A0 /* theTabViewController.swift */ = {isa = PBXFileReference; lastKnownFileType = sourcecode.swift; path = theTabViewController.swift; sourceTree = "<group>"; };
		028373A822E1014F00F058A0 /* SelectionViewController.swift */ = {isa = PBXFileReference; lastKnownFileType = sourcecode.swift; path = SelectionViewController.swift; sourceTree = "<group>"; };
		028373AA22E103DC00F058A0 /* UIViewExtention.swift */ = {isa = PBXFileReference; lastKnownFileType = sourcecode.swift; path = UIViewExtention.swift; sourceTree = "<group>"; };
		028373AF22E1093000F058A0 /* Constants.swift */ = {isa = PBXFileReference; lastKnownFileType = sourcecode.swift; path = Constants.swift; sourceTree = "<group>"; };
		028373B322E2173900F058A0 /* EditRatingViewController.swift */ = {isa = PBXFileReference; lastKnownFileType = sourcecode.swift; path = EditRatingViewController.swift; sourceTree = "<group>"; };
		028373B622E21D9200F058A0 /* EditEntryViewController.swift */ = {isa = PBXFileReference; lastKnownFileType = sourcecode.swift; path = EditEntryViewController.swift; sourceTree = "<group>"; };
		028373B822E221D700F058A0 /* EditFoodEntryViewController.swift */ = {isa = PBXFileReference; lastKnownFileType = sourcecode.swift; path = EditFoodEntryViewController.swift; sourceTree = "<group>"; };
		02B8A36A22DE876E005911BB /* DateDetailViewController.swift */ = {isa = PBXFileReference; lastKnownFileType = sourcecode.swift; path = DateDetailViewController.swift; sourceTree = "<group>"; };
		02B8A36C22DF7F46005911BB /* ManualSymptomViewController.swift */ = {isa = PBXFileReference; lastKnownFileType = sourcecode.swift; path = ManualSymptomViewController.swift; sourceTree = "<group>"; };
		02B8A36E22DF8772005911BB /* ManualEntryViewController.swift */ = {isa = PBXFileReference; lastKnownFileType = sourcecode.swift; path = ManualEntryViewController.swift; sourceTree = "<group>"; };
		02B8A37022DF8A7B005911BB /* ManualFoodEntryViewController.swift */ = {isa = PBXFileReference; lastKnownFileType = sourcecode.swift; path = ManualFoodEntryViewController.swift; sourceTree = "<group>"; };
		02B8A37222DFB76D005911BB /* DateDetailTableViewCell.swift */ = {isa = PBXFileReference; lastKnownFileType = sourcecode.swift; path = DateDetailTableViewCell.swift; sourceTree = "<group>"; };
		02B8A37422DFE6B8005911BB /* VerbalEntryViewController.swift */ = {isa = PBXFileReference; lastKnownFileType = sourcecode.swift; path = VerbalEntryViewController.swift; sourceTree = "<group>"; };
		02B8A37622DFEA70005911BB /* VerbalFoodEntryViewController.swift */ = {isa = PBXFileReference; lastKnownFileType = sourcecode.swift; path = VerbalFoodEntryViewController.swift; sourceTree = "<group>"; };
		02E3640A22DE3FF70061DD23 /* Alarm+CoreDataClass.swift */ = {isa = PBXFileReference; lastKnownFileType = sourcecode.swift; path = "Alarm+CoreDataClass.swift"; sourceTree = "<group>"; };
		02E3640B22DE3FF70061DD23 /* Alarm+CoreDataProperties.swift */ = {isa = PBXFileReference; lastKnownFileType = sourcecode.swift; path = "Alarm+CoreDataProperties.swift"; sourceTree = "<group>"; };
/* End PBXFileReference section */

/* Begin PBXFrameworksBuildPhase section */
		02410DD322AB064F00E12608 /* Frameworks */ = {
			isa = PBXFrameworksBuildPhase;
			buildActionMask = 2147483647;
			files = (
			);
			runOnlyForDeploymentPostprocessing = 0;
		};
/* End PBXFrameworksBuildPhase section */

/* Begin PBXGroup section */
		02410DCD22AB064F00E12608 = {
			isa = PBXGroup;
			children = (
				02410DD822AB064F00E12608 /* ForYourHealth */,
				02410DD722AB064F00E12608 /* Products */,
			);
			sourceTree = "<group>";
		};
		02410DD722AB064F00E12608 /* Products */ = {
			isa = PBXGroup;
			children = (
				02410DD622AB064F00E12608 /* ForYourHealth.app */,
			);
			name = Products;
			sourceTree = "<group>";
		};
		02410DD822AB064F00E12608 /* ForYourHealth */ = {
			isa = PBXGroup;
			children = (
				02410DDD22AB064F00E12608 /* Main.storyboard */,
				025D304922DCDE4A00A9D94C /* Helpers */,
				025D303C22D6A68600A9D94C /* ViewControllers */,
				025D303122D6837700A9D94C /* ModelControllers */,
				025D2FE322D512DC00A9D94C /* Models */,
				02410DEB22AB067800E12608 /* Resources */,
			);
			path = ForYourHealth;
			sourceTree = "<group>";
		};
		02410DEB22AB067800E12608 /* Resources */ = {
			isa = PBXGroup;
			children = (
				02410DD922AB064F00E12608 /* AppDelegate.swift */,
				02410DE022AB065000E12608 /* Assets.xcassets */,
				02410DE222AB065000E12608 /* LaunchScreen.storyboard */,
				02410DE522AB065000E12608 /* Info.plist */,
			);
			path = Resources;
			sourceTree = "<group>";
		};
		025D2FE322D512DC00A9D94C /* Models */ = {
			isa = PBXGroup;
			children = (
				025D301A22D5433D00A9D94C /* Model.xcdatamodeld */,
				025D302B22D54FF200A9D94C /* Entry+Convenience.swift */,
				025D302922D54F8B00A9D94C /* Alarm+Convenience.swift */,
				025D302722D54F7B00A9D94C /* FoodEntry+Convenience.swift */,
				025D302322D54F6000A9D94C /* Rating+Convenience.swift */,
				025D302122D54F5200A9D94C /* Symptom+Convenience.swift */,
				025D301F22D54F2F00A9D94C /* User+Convenience.swift */,
				025D301D22D54C2300A9D94C /* CoreDataStack.swift */,
				02E3640A22DE3FF70061DD23 /* Alarm+CoreDataClass.swift */,
				02E3640B22DE3FF70061DD23 /* Alarm+CoreDataProperties.swift */,
			);
			path = Models;
			sourceTree = "<group>";
		};
		025D303122D6837700A9D94C /* ModelControllers */ = {
			isa = PBXGroup;
			children = (
				025D302D22D6816C00A9D94C /* UserController.swift */,
				025D302F22D6836E00A9D94C /* SymptomController.swift */,
				025D303222D6863100A9D94C /* RatingController.swift */,
				025D303F22DCD40600A9D94C /* FoodEntryController.swift */,
				025D304322DCD82700A9D94C /* EntryController.swift */,
				025D304C22DCE1FA00A9D94C /* UserAlarmController.swift */,
			);
			path = ModelControllers;
			sourceTree = "<group>";
		};
		025D303C22D6A68600A9D94C /* ViewControllers */ = {
			isa = PBXGroup;
			children = (
				025D303422D689D400A9D94C /* CreateUserViewController.swift */,
				028373A522E0C86B00F058A0 /* theTabViewController.swift */,
				028373A822E1014F00F058A0 /* SelectionViewController.swift */,
				025D303622D6952000A9D94C /* ProfileTableViewController.swift */,
				025D305622DD3BE300A9D94C /* CalenderViewController.swift */,
				02B8A36A22DE876E005911BB /* DateDetailViewController.swift */,
				025D303A22D6A42B00A9D94C /* CreateSymptomViewController.swift */,
				025D305222DCF04000A9D94C /* CreateAlarmTableViewController.swift */,
				028373A722E100D100F058A0 /* VocalTrackedControllers */,
				028373B522E21D3B00F058A0 /* ManualTrackedControllers */,
				028373BA22E2229600F058A0 /* EditTrackedControllers */,
				025D305A22DD3E7500A9D94C /* CustomCells */,
			);
			path = ViewControllers;
			sourceTree = "<group>";
		};
		025D304922DCDE4A00A9D94C /* Helpers */ = {
			isa = PBXGroup;
			children = (
				025D304722DCDE4100A9D94C /* DateExtention.swift */,
				025D305B22DD3F6600A9D94C /* CalenderVariables.swift */,
				028373AA22E103DC00F058A0 /* UIViewExtention.swift */,
				028373AF22E1093000F058A0 /* Constants.swift */,
			);
			path = Helpers;
			sourceTree = "<group>";
		};
		025D305A22DD3E7500A9D94C /* CustomCells */ = {
			isa = PBXGroup;
			children = (
				02B8A37222DFB76D005911BB /* DateDetailTableViewCell.swift */,
				025D305822DD3E6E00A9D94C /* DateCollectionViewCell.swift */,
			);
			path = CustomCells;
			sourceTree = "<group>";
		};
		028373A722E100D100F058A0 /* VocalTrackedControllers */ = {
			isa = PBXGroup;
			children = (
				025D303D22D6A81B00A9D94C /* VerbalSymptomViewController.swift */,
				02B8A37422DFE6B8005911BB /* VerbalEntryViewController.swift */,
				02B8A37622DFEA70005911BB /* VerbalFoodEntryViewController.swift */,
			);
			path = VocalTrackedControllers;
			sourceTree = "<group>";
		};
		028373B522E21D3B00F058A0 /* ManualTrackedControllers */ = {
			isa = PBXGroup;
			children = (
				02B8A36C22DF7F46005911BB /* ManualSymptomViewController.swift */,
				02B8A36E22DF8772005911BB /* ManualEntryViewController.swift */,
				02B8A37022DF8A7B005911BB /* ManualFoodEntryViewController.swift */,
			);
			path = ManualTrackedControllers;
			sourceTree = "<group>";
		};
		028373BA22E2229600F058A0 /* EditTrackedControllers */ = {
			isa = PBXGroup;
			children = (
				028373B322E2173900F058A0 /* EditRatingViewController.swift */,
				028373B622E21D9200F058A0 /* EditEntryViewController.swift */,
				028373B822E221D700F058A0 /* EditFoodEntryViewController.swift */,
			);
			path = EditTrackedControllers;
			sourceTree = "<group>";
		};
/* End PBXGroup section */

/* Begin PBXNativeTarget section */
		02410DD522AB064F00E12608 /* ForYourHealth */ = {
			isa = PBXNativeTarget;
			buildConfigurationList = 02410DE822AB065000E12608 /* Build configuration list for PBXNativeTarget "ForYourHealth" */;
			buildPhases = (
				02410DD222AB064F00E12608 /* Sources */,
				02410DD322AB064F00E12608 /* Frameworks */,
				02410DD422AB064F00E12608 /* Resources */,
			);
			buildRules = (
			);
			dependencies = (
			);
			name = ForYourHealth;
			productName = ForYourHealth;
			productReference = 02410DD622AB064F00E12608 /* ForYourHealth.app */;
			productType = "com.apple.product-type.application";
		};
/* End PBXNativeTarget section */

/* Begin PBXProject section */
		02410DCE22AB064F00E12608 /* Project object */ = {
			isa = PBXProject;
			attributes = {
				LastSwiftUpdateCheck = 1020;
				LastUpgradeCheck = 1020;
				ORGANIZATIONNAME = SRUSSELLH;
				TargetAttributes = {
					02410DD522AB064F00E12608 = {
						CreatedOnToolsVersion = 10.2.1;
					};
				};
			};
			buildConfigurationList = 02410DD122AB064F00E12608 /* Build configuration list for PBXProject "ForYourHealth" */;
			compatibilityVersion = "Xcode 9.3";
			developmentRegion = en;
			hasScannedForEncodings = 0;
			knownRegions = (
				en,
				Base,
			);
			mainGroup = 02410DCD22AB064F00E12608;
			productRefGroup = 02410DD722AB064F00E12608 /* Products */;
			projectDirPath = "";
			projectRoot = "";
			targets = (
				02410DD522AB064F00E12608 /* ForYourHealth */,
			);
		};
/* End PBXProject section */

/* Begin PBXResourcesBuildPhase section */
		02410DD422AB064F00E12608 /* Resources */ = {
			isa = PBXResourcesBuildPhase;
			buildActionMask = 2147483647;
			files = (
				02410DE422AB065000E12608 /* LaunchScreen.storyboard in Resources */,
				02410DE122AB065000E12608 /* Assets.xcassets in Resources */,
				02410DDF22AB064F00E12608 /* Main.storyboard in Resources */,
			);
			runOnlyForDeploymentPostprocessing = 0;
		};
/* End PBXResourcesBuildPhase section */

/* Begin PBXSourcesBuildPhase section */
		02410DD222AB064F00E12608 /* Sources */ = {
			isa = PBXSourcesBuildPhase;
			buildActionMask = 2147483647;
			files = (
				025D302822D54F7B00A9D94C /* FoodEntry+Convenience.swift in Sources */,
				028373B922E221D700F058A0 /* EditFoodEntryViewController.swift in Sources */,
				025D305C22DD3F6600A9D94C /* CalenderVariables.swift in Sources */,
				025D302422D54F6000A9D94C /* Rating+Convenience.swift in Sources */,
				025D305722DD3BE300A9D94C /* CalenderViewController.swift in Sources */,
				02B8A37322DFB76D005911BB /* DateDetailTableViewCell.swift in Sources */,
				028373A922E1014F00F058A0 /* SelectionViewController.swift in Sources */,
				025D302022D54F2F00A9D94C /* User+Convenience.swift in Sources */,
				025D303522D689D400A9D94C /* CreateUserViewController.swift in Sources */,
				025D302E22D6816C00A9D94C /* UserController.swift in Sources */,
				02E3640C22DE3FF70061DD23 /* Alarm+CoreDataClass.swift in Sources */,
				025D301C22D5433D00A9D94C /* Model.xcdatamodeld in Sources */,
				028373B422E2173900F058A0 /* EditRatingViewController.swift in Sources */,
				02B8A36B22DE876E005911BB /* DateDetailViewController.swift in Sources */,
				025D303722D6952000A9D94C /* ProfileTableViewController.swift in Sources */,
				02E3640D22DE3FF70061DD23 /* Alarm+CoreDataProperties.swift in Sources */,
				025D304422DCD82700A9D94C /* EntryController.swift in Sources */,
				02B8A37522DFE6B8005911BB /* VerbalEntryViewController.swift in Sources */,
				025D302C22D54FF200A9D94C /* Entry+Convenience.swift in Sources */,
				025D303B22D6A42B00A9D94C /* CreateSymptomViewController.swift in Sources */,
				025D304D22DCE1FA00A9D94C /* UserAlarmController.swift in Sources */,
				025D302222D54F5200A9D94C /* Symptom+Convenience.swift in Sources */,
				02B8A36D22DF7F46005911BB /* ManualSymptomViewController.swift in Sources */,
				025D304022DCD40600A9D94C /* FoodEntryController.swift in Sources */,
				025D303322D6863100A9D94C /* RatingController.swift in Sources */,
				028373A622E0C86B00F058A0 /* theTabViewController.swift in Sources */,
				025D305922DD3E6E00A9D94C /* DateCollectionViewCell.swift in Sources */,
				025D302A22D54F8B00A9D94C /* Alarm+Convenience.swift in Sources */,
				025D305322DCF04000A9D94C /* CreateAlarmTableViewController.swift in Sources */,
				028373B722E21D9200F058A0 /* EditEntryViewController.swift in Sources */,
				02410DDA22AB064F00E12608 /* AppDelegate.swift in Sources */,
				025D301E22D54C2300A9D94C /* CoreDataStack.swift in Sources */,
				02B8A37722DFEA70005911BB /* VerbalFoodEntryViewController.swift in Sources */,
				02B8A37122DF8A7B005911BB /* ManualFoodEntryViewController.swift in Sources */,
				028373B022E1093000F058A0 /* Constants.swift in Sources */,
				025D304822DCDE4100A9D94C /* DateExtention.swift in Sources */,
				02B8A36F22DF8772005911BB /* ManualEntryViewController.swift in Sources */,
				028373AB22E103DC00F058A0 /* UIViewExtention.swift in Sources */,
				025D303E22D6A81B00A9D94C /* VerbalSymptomViewController.swift in Sources */,
				025D303022D6836E00A9D94C /* SymptomController.swift in Sources */,
			);
			runOnlyForDeploymentPostprocessing = 0;
		};
/* End PBXSourcesBuildPhase section */

/* Begin PBXVariantGroup section */
		02410DDD22AB064F00E12608 /* Main.storyboard */ = {
			isa = PBXVariantGroup;
			children = (
				02410DDE22AB064F00E12608 /* Base */,
			);
			name = Main.storyboard;
			sourceTree = "<group>";
		};
		02410DE222AB065000E12608 /* LaunchScreen.storyboard */ = {
			isa = PBXVariantGroup;
			children = (
				02410DE322AB065000E12608 /* Base */,
			);
			name = LaunchScreen.storyboard;
			sourceTree = "<group>";
		};
/* End PBXVariantGroup section */

/* Begin XCBuildConfiguration section */
		02410DE622AB065000E12608 /* Debug */ = {
			isa = XCBuildConfiguration;
			buildSettings = {
				ALWAYS_SEARCH_USER_PATHS = NO;
				CLANG_ANALYZER_NONNULL = YES;
				CLANG_ANALYZER_NUMBER_OBJECT_CONVERSION = YES_AGGRESSIVE;
				CLANG_CXX_LANGUAGE_STANDARD = "gnu++14";
				CLANG_CXX_LIBRARY = "libc++";
				CLANG_ENABLE_MODULES = YES;
				CLANG_ENABLE_OBJC_ARC = YES;
				CLANG_ENABLE_OBJC_WEAK = YES;
				CLANG_WARN_BLOCK_CAPTURE_AUTORELEASING = YES;
				CLANG_WARN_BOOL_CONVERSION = YES;
				CLANG_WARN_COMMA = YES;
				CLANG_WARN_CONSTANT_CONVERSION = YES;
				CLANG_WARN_DEPRECATED_OBJC_IMPLEMENTATIONS = YES;
				CLANG_WARN_DIRECT_OBJC_ISA_USAGE = YES_ERROR;
				CLANG_WARN_DOCUMENTATION_COMMENTS = YES;
				CLANG_WARN_EMPTY_BODY = YES;
				CLANG_WARN_ENUM_CONVERSION = YES;
				CLANG_WARN_INFINITE_RECURSION = YES;
				CLANG_WARN_INT_CONVERSION = YES;
				CLANG_WARN_NON_LITERAL_NULL_CONVERSION = YES;
				CLANG_WARN_OBJC_IMPLICIT_RETAIN_SELF = YES;
				CLANG_WARN_OBJC_LITERAL_CONVERSION = YES;
				CLANG_WARN_OBJC_ROOT_CLASS = YES_ERROR;
				CLANG_WARN_RANGE_LOOP_ANALYSIS = YES;
				CLANG_WARN_STRICT_PROTOTYPES = YES;
				CLANG_WARN_SUSPICIOUS_MOVE = YES;
				CLANG_WARN_UNGUARDED_AVAILABILITY = YES_AGGRESSIVE;
				CLANG_WARN_UNREACHABLE_CODE = YES;
				CLANG_WARN__DUPLICATE_METHOD_MATCH = YES;
				CODE_SIGN_IDENTITY = "iPhone Developer";
				COPY_PHASE_STRIP = NO;
				DEBUG_INFORMATION_FORMAT = dwarf;
				ENABLE_STRICT_OBJC_MSGSEND = YES;
				ENABLE_TESTABILITY = YES;
				GCC_C_LANGUAGE_STANDARD = gnu11;
				GCC_DYNAMIC_NO_PIC = NO;
				GCC_NO_COMMON_BLOCKS = YES;
				GCC_OPTIMIZATION_LEVEL = 0;
				GCC_PREPROCESSOR_DEFINITIONS = (
					"DEBUG=1",
					"$(inherited)",
				);
				GCC_WARN_64_TO_32_BIT_CONVERSION = YES;
				GCC_WARN_ABOUT_RETURN_TYPE = YES_ERROR;
				GCC_WARN_UNDECLARED_SELECTOR = YES;
				GCC_WARN_UNINITIALIZED_AUTOS = YES_AGGRESSIVE;
				GCC_WARN_UNUSED_FUNCTION = YES;
				GCC_WARN_UNUSED_VARIABLE = YES;
				IPHONEOS_DEPLOYMENT_TARGET = 12.2;
				MTL_ENABLE_DEBUG_INFO = INCLUDE_SOURCE;
				MTL_FAST_MATH = YES;
				ONLY_ACTIVE_ARCH = YES;
				SDKROOT = iphoneos;
				SWIFT_ACTIVE_COMPILATION_CONDITIONS = DEBUG;
				SWIFT_OPTIMIZATION_LEVEL = "-Onone";
			};
			name = Debug;
		};
		02410DE722AB065000E12608 /* Release */ = {
			isa = XCBuildConfiguration;
			buildSettings = {
				ALWAYS_SEARCH_USER_PATHS = NO;
				CLANG_ANALYZER_NONNULL = YES;
				CLANG_ANALYZER_NUMBER_OBJECT_CONVERSION = YES_AGGRESSIVE;
				CLANG_CXX_LANGUAGE_STANDARD = "gnu++14";
				CLANG_CXX_LIBRARY = "libc++";
				CLANG_ENABLE_MODULES = YES;
				CLANG_ENABLE_OBJC_ARC = YES;
				CLANG_ENABLE_OBJC_WEAK = YES;
				CLANG_WARN_BLOCK_CAPTURE_AUTORELEASING = YES;
				CLANG_WARN_BOOL_CONVERSION = YES;
				CLANG_WARN_COMMA = YES;
				CLANG_WARN_CONSTANT_CONVERSION = YES;
				CLANG_WARN_DEPRECATED_OBJC_IMPLEMENTATIONS = YES;
				CLANG_WARN_DIRECT_OBJC_ISA_USAGE = YES_ERROR;
				CLANG_WARN_DOCUMENTATION_COMMENTS = YES;
				CLANG_WARN_EMPTY_BODY = YES;
				CLANG_WARN_ENUM_CONVERSION = YES;
				CLANG_WARN_INFINITE_RECURSION = YES;
				CLANG_WARN_INT_CONVERSION = YES;
				CLANG_WARN_NON_LITERAL_NULL_CONVERSION = YES;
				CLANG_WARN_OBJC_IMPLICIT_RETAIN_SELF = YES;
				CLANG_WARN_OBJC_LITERAL_CONVERSION = YES;
				CLANG_WARN_OBJC_ROOT_CLASS = YES_ERROR;
				CLANG_WARN_RANGE_LOOP_ANALYSIS = YES;
				CLANG_WARN_STRICT_PROTOTYPES = YES;
				CLANG_WARN_SUSPICIOUS_MOVE = YES;
				CLANG_WARN_UNGUARDED_AVAILABILITY = YES_AGGRESSIVE;
				CLANG_WARN_UNREACHABLE_CODE = YES;
				CLANG_WARN__DUPLICATE_METHOD_MATCH = YES;
				CODE_SIGN_IDENTITY = "iPhone Developer";
				COPY_PHASE_STRIP = NO;
				DEBUG_INFORMATION_FORMAT = "dwarf-with-dsym";
				ENABLE_NS_ASSERTIONS = NO;
				ENABLE_STRICT_OBJC_MSGSEND = YES;
				GCC_C_LANGUAGE_STANDARD = gnu11;
				GCC_NO_COMMON_BLOCKS = YES;
				GCC_WARN_64_TO_32_BIT_CONVERSION = YES;
				GCC_WARN_ABOUT_RETURN_TYPE = YES_ERROR;
				GCC_WARN_UNDECLARED_SELECTOR = YES;
				GCC_WARN_UNINITIALIZED_AUTOS = YES_AGGRESSIVE;
				GCC_WARN_UNUSED_FUNCTION = YES;
				GCC_WARN_UNUSED_VARIABLE = YES;
				IPHONEOS_DEPLOYMENT_TARGET = 12.2;
				MTL_ENABLE_DEBUG_INFO = NO;
				MTL_FAST_MATH = YES;
				SDKROOT = iphoneos;
				SWIFT_COMPILATION_MODE = wholemodule;
				SWIFT_OPTIMIZATION_LEVEL = "-O";
				VALIDATE_PRODUCT = YES;
			};
			name = Release;
		};
		02410DE922AB065000E12608 /* Debug */ = {
			isa = XCBuildConfiguration;
			buildSettings = {
				ASSETCATALOG_COMPILER_APPICON_NAME = AppIcon;
				CODE_SIGN_STYLE = Automatic;
				DEVELOPMENT_TEAM = H8Y4FR84B6;
				INFOPLIST_FILE = "$(SRCROOT)/ForYourHealth/Resources/Info.plist";
				LD_RUNPATH_SEARCH_PATHS = (
					"$(inherited)",
					"@executable_path/Frameworks",
				);
				PRODUCT_BUNDLE_IDENTIFIER = com.srussellh.ForYourHealth;
				PRODUCT_NAME = "$(TARGET_NAME)";
				SWIFT_VERSION = 5.0;
				TARGETED_DEVICE_FAMILY = "1,2";
			};
			name = Debug;
		};
		02410DEA22AB065000E12608 /* Release */ = {
			isa = XCBuildConfiguration;
			buildSettings = {
				ASSETCATALOG_COMPILER_APPICON_NAME = AppIcon;
				CODE_SIGN_STYLE = Automatic;
				DEVELOPMENT_TEAM = H8Y4FR84B6;
				INFOPLIST_FILE = "$(SRCROOT)/ForYourHealth/Resources/Info.plist";
				LD_RUNPATH_SEARCH_PATHS = (
					"$(inherited)",
					"@executable_path/Frameworks",
				);
				PRODUCT_BUNDLE_IDENTIFIER = com.srussellh.ForYourHealth;
				PRODUCT_NAME = "$(TARGET_NAME)";
				SWIFT_VERSION = 5.0;
				TARGETED_DEVICE_FAMILY = "1,2";
			};
			name = Release;
		};
/* End XCBuildConfiguration section */

/* Begin XCConfigurationList section */
		02410DD122AB064F00E12608 /* Build configuration list for PBXProject "ForYourHealth" */ = {
			isa = XCConfigurationList;
			buildConfigurations = (
				02410DE622AB065000E12608 /* Debug */,
				02410DE722AB065000E12608 /* Release */,
			);
			defaultConfigurationIsVisible = 0;
			defaultConfigurationName = Release;
		};
		02410DE822AB065000E12608 /* Build configuration list for PBXNativeTarget "ForYourHealth" */ = {
			isa = XCConfigurationList;
			buildConfigurations = (
				02410DE922AB065000E12608 /* Debug */,
				02410DEA22AB065000E12608 /* Release */,
			);
			defaultConfigurationIsVisible = 0;
			defaultConfigurationName = Release;
		};
/* End XCConfigurationList section */

/* Begin XCVersionGroup section */
		025D301A22D5433D00A9D94C /* Model.xcdatamodeld */ = {
			isa = XCVersionGroup;
			children = (
				025D301B22D5433D00A9D94C /* Model.xcdatamodel */,
			);
			currentVersion = 025D301B22D5433D00A9D94C /* Model.xcdatamodel */;
			path = Model.xcdatamodeld;
			sourceTree = "<group>";
			versionGroupType = wrapper.xcdatamodel;
		};
/* End XCVersionGroup section */
	};
	rootObject = 02410DCE22AB064F00E12608 /* Project object */;
}
